// !$*UTF8*$!
{
	archiveVersion = 1;
	classes = {
	};
	objectVersion = 46;
	objects = {

/* Begin PBXBuildFile section */
		DD9C47A71BF2E70900314E60 /* main.m in Sources */ = {isa = PBXBuildFile; fileRef = DD9C47A61BF2E70900314E60 /* main.m */; };
		DD9C47AA1BF2E70900314E60 /* AppDelegate.m in Sources */ = {isa = PBXBuildFile; fileRef = DD9C47A91BF2E70900314E60 /* AppDelegate.m */; };
		DD9C47AD1BF2E70900314E60 /* ViewController.m in Sources */ = {isa = PBXBuildFile; fileRef = DD9C47AC1BF2E70900314E60 /* ViewController.m */; };
		DD9C47B01BF2E70900314E60 /* Main.storyboard in Resources */ = {isa = PBXBuildFile; fileRef = DD9C47AE1BF2E70900314E60 /* Main.storyboard */; };
		DD9C47B21BF2E70900314E60 /* Assets.xcassets in Resources */ = {isa = PBXBuildFile; fileRef = DD9C47B11BF2E70900314E60 /* Assets.xcassets */; };
		DD9C47B51BF2E70900314E60 /* LaunchScreen.storyboard in Resources */ = {isa = PBXBuildFile; fileRef = DD9C47B31BF2E70900314E60 /* LaunchScreen.storyboard */; };
		DD9C47C01BF2E70A00314E60 /* CATextLayerTests.m in Sources */ = {isa = PBXBuildFile; fileRef = DD9C47BF1BF2E70A00314E60 /* CATextLayerTests.m */; };
		DD9C47CB1BF2E70A00314E60 /* CATextLayerUITests.m in Sources */ = {isa = PBXBuildFile; fileRef = DD9C47CA1BF2E70A00314E60 /* CATextLayerUITests.m */; };
/* End PBXBuildFile section */

/* Begin PBXContainerItemProxy section */
		DD9C47BC1BF2E70A00314E60 /* PBXContainerItemProxy */ = {
			isa = PBXContainerItemProxy;
			containerPortal = DD9C479A1BF2E70900314E60 /* Project object */;
			proxyType = 1;
			remoteGlobalIDString = DD9C47A11BF2E70900314E60;
			remoteInfo = CATextLayer;
		};
		DD9C47C71BF2E70A00314E60 /* PBXContainerItemProxy */ = {
			isa = PBXContainerItemProxy;
			containerPortal = DD9C479A1BF2E70900314E60 /* Project object */;
			proxyType = 1;
			remoteGlobalIDString = DD9C47A11BF2E70900314E60;
			remoteInfo = CATextLayer;
		};
/* End PBXContainerItemProxy section */

/* Begin PBXFileReference section */
		DD9C47A21BF2E70900314E60 /* CATextLayer.app */ = {isa = PBXFileReference; explicitFileType = wrapper.application; includeInIndex = 0; path = CATextLayer.app; sourceTree = BUILT_PRODUCTS_DIR; };
		DD9C47A61BF2E70900314E60 /* main.m */ = {isa = PBXFileReference; lastKnownFileType = sourcecode.c.objc; path = main.m; sourceTree = "<group>"; };
		DD9C47A81BF2E70900314E60 /* AppDelegate.h */ = {isa = PBXFileReference; lastKnownFileType = sourcecode.c.h; path = AppDelegate.h; sourceTree = "<group>"; };
		DD9C47A91BF2E70900314E60 /* AppDelegate.m */ = {isa = PBXFileReference; lastKnownFileType = sourcecode.c.objc; path = AppDelegate.m; sourceTree = "<group>"; };
		DD9C47AB1BF2E70900314E60 /* ViewController.h */ = {isa = PBXFileReference; lastKnownFileType = sourcecode.c.h; path = ViewController.h; sourceTree = "<group>"; };
		DD9C47AC1BF2E70900314E60 /* ViewController.m */ = {isa = PBXFileReference; lastKnownFileType = sourcecode.c.objc; path = ViewController.m; sourceTree = "<group>"; };
		DD9C47AF1BF2E70900314E60 /* Base */ = {isa = PBXFileReference; lastKnownFileType = file.storyboard; name = Base; path = Base.lproj/Main.storyboard; sourceTree = "<group>"; };
		DD9C47B11BF2E70900314E60 /* Assets.xcassets */ = {isa = PBXFileReference; lastKnownFileType = folder.assetcatalog; path = Assets.xcassets; sourceTree = "<group>"; };
		DD9C47B41BF2E70900314E60 /* Base */ = {isa = PBXFileReference; lastKnownFileType = file.storyboard; name = Base; path = Base.lproj/LaunchScreen.storyboard; sourceTree = "<group>"; };
		DD9C47B61BF2E70900314E60 /* Info.plist */ = {isa = PBXFileReference; lastKnownFileType = text.plist.xml; path = Info.plist; sourceTree = "<group>"; };
		DD9C47BB1BF2E70A00314E60 /* CATextLayerTests.xctest */ = {isa = PBXFileReference; explicitFileType = wrapper.cfbundle; includeInIndex = 0; path = CATextLayerTests.xctest; sourceTree = BUILT_PRODUCTS_DIR; };
		DD9C47BF1BF2E70A00314E60 /* CATextLayerTests.m */ = {isa = PBXFileReference; lastKnownFileType = sourcecode.c.objc; path = CATextLayerTests.m; sourceTree = "<group>"; };
		DD9C47C11BF2E70A00314E60 /* Info.plist */ = {isa = PBXFileReference; lastKnownFileType = text.plist.xml; path = Info.plist; sourceTree = "<group>"; };
		DD9C47C61BF2E70A00314E60 /* CATextLayerUITests.xctest */ = {isa = PBXFileReference; explicitFileType = wrapper.cfbundle; includeInIndex = 0; path = CATextLayerUITests.xctest; sourceTree = BUILT_PRODUCTS_DIR; };
		DD9C47CA1BF2E70A00314E60 /* CATextLayerUITests.m */ = {isa = PBXFileReference; lastKnownFileType = sourcecode.c.objc; path = CATextLayerUITests.m; sourceTree = "<group>"; };
		DD9C47CC1BF2E70A00314E60 /* Info.plist */ = {isa = PBXFileReference; lastKnownFileType = text.plist.xml; path = Info.plist; sourceTree = "<group>"; };
/* End PBXFileReference section */

/* Begin PBXFrameworksBuildPhase section */
		DD9C479F1BF2E70900314E60 /* Frameworks */ = {
			isa = PBXFrameworksBuildPhase;
			buildActionMask = 2147483647;
			files = (
			);
			runOnlyForDeploymentPostprocessing = 0;
		};
		DD9C47B81BF2E70A00314E60 /* Frameworks */ = {
			isa = PBXFrameworksBuildPhase;
			buildActionMask = 2147483647;
			files = (
			);
			runOnlyForDeploymentPostprocessing = 0;
		};
		DD9C47C31BF2E70A00314E60 /* Frameworks */ = {
			isa = PBXFrameworksBuildPhase;
			buildActionMask = 2147483647;
			files = (
			);
			runOnlyForDeploymentPostprocessing = 0;
		};
/* End PBXFrameworksBuildPhase section */

/* Begin PBXGroup section */
		DD9C47991BF2E70900314E60 = {
			isa = PBXGroup;
			children = (
				DD9C47A41BF2E70900314E60 /* CATextLayer */,
				DD9C47BE1BF2E70A00314E60 /* CATextLayerTests */,
				DD9C47C91BF2E70A00314E60 /* CATextLayerUITests */,
				DD9C47A31BF2E70900314E60 /* Products */,
			);
			sourceTree = "<group>";
		};
		DD9C47A31BF2E70900314E60 /* Products */ = {
			isa = PBXGroup;
			children = (
				DD9C47A21BF2E70900314E60 /* CATextLayer.app */,
				DD9C47BB1BF2E70A00314E60 /* CATextLayerTests.xctest */,
				DD9C47C61BF2E70A00314E60 /* CATextLayerUITests.xctest */,
			);
			name = Products;
			sourceTree = "<group>";
		};
		DD9C47A41BF2E70900314E60 /* CATextLayer */ = {
			isa = PBXGroup;
			children = (
				DD9C47A81BF2E70900314E60 /* AppDelegate.h */,
				DD9C47A91BF2E70900314E60 /* AppDelegate.m */,
				DD9C47AB1BF2E70900314E60 /* ViewController.h */,
				DD9C47AC1BF2E70900314E60 /* ViewController.m */,
				DD9C47AE1BF2E70900314E60 /* Main.storyboard */,
				DD9C47B11BF2E70900314E60 /* Assets.xcassets */,
				DD9C47B31BF2E70900314E60 /* LaunchScreen.storyboard */,
				DD9C47B61BF2E70900314E60 /* Info.plist */,
				DD9C47A51BF2E70900314E60 /* Supporting Files */,
			);
			path = CATextLayer;
			sourceTree = "<group>";
		};
		DD9C47A51BF2E70900314E60 /* Supporting Files */ = {
			isa = PBXGroup;
			children = (
				DD9C47A61BF2E70900314E60 /* main.m */,
			);
			name = "Supporting Files";
			sourceTree = "<group>";
		};
		DD9C47BE1BF2E70A00314E60 /* CATextLayerTests */ = {
			isa = PBXGroup;
			children = (
				DD9C47BF1BF2E70A00314E60 /* CATextLayerTests.m */,
				DD9C47C11BF2E70A00314E60 /* Info.plist */,
			);
			path = CATextLayerTests;
			sourceTree = "<group>";
		};
		DD9C47C91BF2E70A00314E60 /* CATextLayerUITests */ = {
			isa = PBXGroup;
			children = (
				DD9C47CA1BF2E70A00314E60 /* CATextLayerUITests.m */,
				DD9C47CC1BF2E70A00314E60 /* Info.plist */,
			);
			path = CATextLayerUITests;
			sourceTree = "<group>";
		};
/* End PBXGroup section */

/* Begin PBXNativeTarget section */
		DD9C47A11BF2E70900314E60 /* CATextLayer */ = {
			isa = PBXNativeTarget;
			buildConfigurationList = DD9C47CF1BF2E70A00314E60 /* Build configuration list for PBXNativeTarget "CATextLayer" */;
			buildPhases = (
				DD9C479E1BF2E70900314E60 /* Sources */,
				DD9C479F1BF2E70900314E60 /* Frameworks */,
				DD9C47A01BF2E70900314E60 /* Resources */,
			);
			buildRules = (
			);
			dependencies = (
			);
			name = CATextLayer;
			productName = CATextLayer;
			productReference = DD9C47A21BF2E70900314E60 /* CATextLayer.app */;
			productType = "com.apple.product-type.application";
		};
		DD9C47BA1BF2E70A00314E60 /* CATextLayerTests */ = {
			isa = PBXNativeTarget;
			buildConfigurationList = DD9C47D21BF2E70A00314E60 /* Build configuration list for PBXNativeTarget "CATextLayerTests" */;
			buildPhases = (
				DD9C47B71BF2E70A00314E60 /* Sources */,
				DD9C47B81BF2E70A00314E60 /* Frameworks */,
				DD9C47B91BF2E70A00314E60 /* Resources */,
			);
			buildRules = (
			);
			dependencies = (
				DD9C47BD1BF2E70A00314E60 /* PBXTargetDependency */,
			);
			name = CATextLayerTests;
			productName = CATextLayerTests;
			productReference = DD9C47BB1BF2E70A00314E60 /* CATextLayerTests.xctest */;
			productType = "com.apple.product-type.bundle.unit-test";
		};
		DD9C47C51BF2E70A00314E60 /* CATextLayerUITests */ = {
			isa = PBXNativeTarget;
			buildConfigurationList = DD9C47D51BF2E70A00314E60 /* Build configuration list for PBXNativeTarget "CATextLayerUITests" */;
			buildPhases = (
				DD9C47C21BF2E70A00314E60 /* Sources */,
				DD9C47C31BF2E70A00314E60 /* Frameworks */,
				DD9C47C41BF2E70A00314E60 /* Resources */,
			);
			buildRules = (
			);
			dependencies = (
				DD9C47C81BF2E70A00314E60 /* PBXTargetDependency */,
			);
			name = CATextLayerUITests;
			productName = CATextLayerUITests;
			productReference = DD9C47C61BF2E70A00314E60 /* CATextLayerUITests.xctest */;
			productType = "com.apple.product-type.bundle.ui-testing";
		};
/* End PBXNativeTarget section */

/* Begin PBXProject section */
		DD9C479A1BF2E70900314E60 /* Project object */ = {
			isa = PBXProject;
			attributes = {
				LastUpgradeCheck = 0700;
				ORGANIZATIONNAME = chenxi;
				TargetAttributes = {
					DD9C47A11BF2E70900314E60 = {
						CreatedOnToolsVersion = 7.0;
					};
					DD9C47BA1BF2E70A00314E60 = {
						CreatedOnToolsVersion = 7.0;
						TestTargetID = DD9C47A11BF2E70900314E60;
					};
					DD9C47C51BF2E70A00314E60 = {
						CreatedOnToolsVersion = 7.0;
						TestTargetID = DD9C47A11BF2E70900314E60;
					};
				};
			};
			buildConfigurationList = DD9C479D1BF2E70900314E60 /* Build configuration list for PBXProject "CATextLayer" */;
			compatibilityVersion = "Xcode 3.2";
			developmentRegion = English;
			hasScannedForEncodings = 0;
			knownRegions = (
				en,
				Base,
			);
			mainGroup = DD9C47991BF2E70900314E60;
			productRefGroup = DD9C47A31BF2E70900314E60 /* Products */;
			projectDirPath = "";
			projectRoot = "";
			targets = (
				DD9C47A11BF2E70900314E60 /* CATextLayer */,
				DD9C47BA1BF2E70A00314E60 /* CATextLayerTests */,
				DD9C47C51BF2E70A00314E60 /* CATextLayerUITests */,
			);
		};
/* End PBXProject section */

/* Begin PBXResourcesBuildPhase section */
		DD9C47A01BF2E70900314E60 /* Resources */ = {
			isa = PBXResourcesBuildPhase;
			buildActionMask = 2147483647;
			files = (
				DD9C47B51BF2E70900314E60 /* LaunchScreen.storyboard in Resources */,
				DD9C47B21BF2E70900314E60 /* Assets.xcassets in Resources */,
				DD9C47B01BF2E70900314E60 /* Main.storyboard in Resources */,
			);
			runOnlyForDeploymentPostprocessing = 0;
		};
		DD9C47B91BF2E70A00314E60 /* Resources */ = {
			isa = PBXResourcesBuildPhase;
			buildActionMask = 2147483647;
			files = (
			);
			runOnlyForDeploymentPostprocessing = 0;
		};
		DD9C47C41BF2E70A00314E60 /* Resources */ = {
			isa = PBXResourcesBuildPhase;
			buildActionMask = 2147483647;
			files = (
			);
			runOnlyForDeploymentPostprocessing = 0;
		};
/* End PBXResourcesBuildPhase section */

/* Begin PBXSourcesBuildPhase section */
		DD9C479E1BF2E70900314E60 /* Sources */ = {
			isa = PBXSourcesBuildPhase;
			buildActionMask = 2147483647;
			files = (
				DD9C47AD1BF2E70900314E60 /* ViewController.m in Sources */,
				DD9C47AA1BF2E70900314E60 /* AppDelegate.m in Sources */,
				DD9C47A71BF2E70900314E60 /* main.m in Sources */,
			);
			runOnlyForDeploymentPostprocessing = 0;
		};
		DD9C47B71BF2E70A00314E60 /* Sources */ = {
			isa = PBXSourcesBuildPhase;
			buildActionMask = 2147483647;
			files = (
				DD9C47C01BF2E70A00314E60 /* CATextLayerTests.m in Sources */,
			);
			runOnlyForDeploymentPostprocessing = 0;
		};
		DD9C47C21BF2E70A00314E60 /* Sources */ = {
			isa = PBXSourcesBuildPhase;
			buildActionMask = 2147483647;
			files = (
				DD9C47CB1BF2E70A00314E60 /* CATextLayerUITests.m in Sources */,
			);
			runOnlyForDeploymentPostprocessing = 0;
		};
/* End PBXSourcesBuildPhase section */

/* Begin PBXTargetDependency section */
		DD9C47BD1BF2E70A00314E60 /* PBXTargetDependency */ = {
			isa = PBXTargetDependency;
			target = DD9C47A11BF2E70900314E60 /* CATextLayer */;
			targetProxy = DD9C47BC1BF2E70A00314E60 /* PBXContainerItemProxy */;
		};
		DD9C47C81BF2E70A00314E60 /* PBXTargetDependency */ = {
			isa = PBXTargetDependency;
			target = DD9C47A11BF2E70900314E60 /* CATextLayer */;
			targetProxy = DD9C47C71BF2E70A00314E60 /* PBXContainerItemProxy */;
		};
/* End PBXTargetDependency section */

/* Begin PBXVariantGroup section */
		DD9C47AE1BF2E70900314E60 /* Main.storyboard */ = {
			isa = PBXVariantGroup;
			children = (
				DD9C47AF1BF2E70900314E60 /* Base */,
			);
			name = Main.storyboard;
			sourceTree = "<group>";
		};
		DD9C47B31BF2E70900314E60 /* LaunchScreen.storyboard */ = {
			isa = PBXVariantGroup;
			children = (
				DD9C47B41BF2E70900314E60 /* Base */,
			);
			name = LaunchScreen.storyboard;
			sourceTree = "<group>";
		};
/* End PBXVariantGroup section */

/* Begin XCBuildConfiguration section */
		DD9C47CD1BF2E70A00314E60 /* Debug */ = {
			isa = XCBuildConfiguration;
			buildSettings = {
				ALWAYS_SEARCH_USER_PATHS = NO;
				CLANG_CXX_LANGUAGE_STANDARD = "gnu++0x";
				CLANG_CXX_LIBRARY = "libc++";
				CLANG_ENABLE_MODULES = YES;
				CLANG_ENABLE_OBJC_ARC = YES;
				CLANG_WARN_BOOL_CONVERSION = YES;
				CLANG_WARN_CONSTANT_CONVERSION = YES;
				CLANG_WARN_DIRECT_OBJC_ISA_USAGE = YES_ERROR;
				CLANG_WARN_EMPTY_BODY = YES;
				CLANG_WARN_ENUM_CONVERSION = YES;
				CLANG_WARN_INT_CONVERSION = YES;
				CLANG_WARN_OBJC_ROOT_CLASS = YES_ERROR;
				CLANG_WARN_UNREACHABLE_CODE = YES;
				CLANG_WARN__DUPLICATE_METHOD_MATCH = YES;
				"CODE_SIGN_IDENTITY[sdk=iphoneos*]" = "iPhone Developer";
				COPY_PHASE_STRIP = NO;
				DEBUG_INFORMATION_FORMAT = dwarf;
				ENABLE_STRICT_OBJC_MSGSEND = YES;
				ENABLE_TESTABILITY = YES;
				GCC_C_LANGUAGE_STANDARD = gnu99;
				GCC_DYNAMIC_NO_PIC = NO;
				GCC_NO_COMMON_BLOCKS = YES;
				GCC_OPTIMIZATION_LEVEL = 0;
				GCC_PREPROCESSOR_DEFINITIONS = (
					"DEBUG=1",
					"$(inherited)",
				);
				GCC_WARN_64_TO_32_BIT_CONVERSION = YES;
				GCC_WARN_ABOUT_RETURN_TYPE = YES_ERROR;
				GCC_WARN_UNDECLARED_SELECTOR = YES;
				GCC_WARN_UNINITIALIZED_AUTOS = YES_AGGRESSIVE;
				GCC_WARN_UNUSED_FUNCTION = YES;
				GCC_WARN_UNUSED_VARIABLE = YES;
				IPHONEOS_DEPLOYMENT_TARGET = 9.0;
				MTL_ENABLE_DEBUG_INFO = YES;
				ONLY_ACTIVE_ARCH = YES;
				SDKROOT = iphoneos;
			};
			name = Debug;
		};
		DD9C47CE1BF2E70A00314E60 /* Release */ = {
			isa = XCBuildConfiguration;
			buildSettings = {
				ALWAYS_SEARCH_USER_PATHS = NO;
				CLANG_CXX_LANGUAGE_STANDARD = "gnu++0x";
				CLANG_CXX_LIBRARY = "libc++";
				CLANG_ENABLE_MODULES = YES;
				CLANG_ENABLE_OBJC_ARC = YES;
				CLANG_WARN_BOOL_CONVERSION = YES;
				CLANG_WARN_CONSTANT_CONVERSION = YES;
				CLANG_WARN_DIRECT_OBJC_ISA_USAGE = YES_ERROR;
				CLANG_WARN_EMPTY_BODY = YES;
				CLANG_WARN_ENUM_CONVERSION = YES;
				CLANG_WARN_INT_CONVERSION = YES;
				CLANG_WARN_OBJC_ROOT_CLASS = YES_ERROR;
				CLANG_WARN_UNREACHABLE_CODE = YES;
				CLANG_WARN__DUPLICATE_METHOD_MATCH = YES;
				"CODE_SIGN_IDENTITY[sdk=iphoneos*]" = "iPhone Developer";
				COPY_PHASE_STRIP = NO;
				DEBUG_INFORMATION_FORMAT = "dwarf-with-dsym";
				ENABLE_NS_ASSERTIONS = NO;
				ENABLE_STRICT_OBJC_MSGSEND = YES;
				GCC_C_LANGUAGE_STANDARD = gnu99;
				GCC_NO_COMMON_BLOCKS = YES;
				GCC_WARN_64_TO_32_BIT_CONVERSION = YES;
				GCC_WARN_ABOUT_RETURN_TYPE = YES_ERROR;
				GCC_WARN_UNDECLARED_SELECTOR = YES;
				GCC_WARN_UNINITIALIZED_AUTOS = YES_AGGRESSIVE;
				GCC_WARN_UNUSED_FUNCTION = YES;
				GCC_WARN_UNUSED_VARIABLE = YES;
				IPHONEOS_DEPLOYMENT_TARGET = 9.0;
				MTL_ENABLE_DEBUG_INFO = NO;
				SDKROOT = iphoneos;
				VALIDATE_PRODUCT = YES;
			};
			name = Release;
		};
		DD9C47D01BF2E70A00314E60 /* Debug */ = {
			isa = XCBuildConfiguration;
			buildSettings = {
				ASSETCATALOG_COMPILER_APPICON_NAME = AppIcon;
				INFOPLIST_FILE = CATextLayer/Info.plist;
				LD_RUNPATH_SEARCH_PATHS = "$(inherited) @executable_path/Frameworks";
				PRODUCT_BUNDLE_IDENTIFIER = com.zrong.xiaodong.CATextLayer;
				PRODUCT_NAME = "$(TARGET_NAME)";
			};
			name = Debug;
		};
		DD9C47D11BF2E70A00314E60 /* Release */ = {
			isa = XCBuildConfiguration;
			buildSettings = {
				ASSETCATALOG_COMPILER_APPICON_NAME = AppIcon;
				INFOPLIST_FILE = CATextLayer/Info.plist;
				LD_RUNPATH_SEARCH_PATHS = "$(inherited) @executable_path/Frameworks";
				PRODUCT_BUNDLE_IDENTIFIER = com.zrong.xiaodong.CATextLayer;
				PRODUCT_NAME = "$(TARGET_NAME)";
			};
			name = Release;
		};
		DD9C47D31BF2E70A00314E60 /* Debug */ = {
			isa = XCBuildConfiguration;
			buildSettings = {
				BUNDLE_LOADER = "$(TEST_HOST)";
				INFOPLIST_FILE = CATextLayerTests/Info.plist;
				LD_RUNPATH_SEARCH_PATHS = "$(inherited) @executable_path/Frameworks @loader_path/Frameworks";
				PRODUCT_BUNDLE_IDENTIFIER = com.zrong.xiaodong.CATextLayerTests;
				PRODUCT_NAME = "$(TARGET_NAME)";
				TEST_HOST = "$(BUILT_PRODUCTS_DIR)/CATextLayer.app/CATextLayer";
			};
			name = Debug;
		};
		DD9C47D41BF2E70A00314E60 /* Release */ = {
			isa = XCBuildConfiguration;
			buildSettings = {
				BUNDLE_LOADER = "$(TEST_HOST)";
				INFOPLIST_FILE = CATextLayerTests/Info.plist;
				LD_RUNPATH_SEARCH_PATHS = "$(inherited) @executable_path/Frameworks @loader_path/Frameworks";
				PRODUCT_BUNDLE_IDENTIFIER = com.zrong.xiaodong.CATextLayerTests;
				PRODUCT_NAME = "$(TARGET_NAME)";
				TEST_HOST = "$(BUILT_PRODUCTS_DIR)/CATextLayer.app/CATextLayer";
			};
			name = Release;
		};
		DD9C47D61BF2E70A00314E60 /* Debug */ = {
			isa = XCBuildConfiguration;
			buildSettings = {
				INFOPLIST_FILE = CATextLayerUITests/Info.plist;
				LD_RUNPATH_SEARCH_PATHS = "$(inherited) @executable_path/Frameworks @loader_path/Frameworks";
				PRODUCT_BUNDLE_IDENTIFIER = com.zrong.xiaodong.CATextLayerUITests;
				PRODUCT_NAME = "$(TARGET_NAME)";
				TEST_TARGET_NAME = CATextLayer;
				USES_XCTRUNNER = YES;
			};
			name = Debug;
		};
		DD9C47D71BF2E70A00314E60 /* Release */ = {
			isa = XCBuildConfiguration;
			buildSettings = {
				INFOPLIST_FILE = CATextLayerUITests/Info.plist;
				LD_RUNPATH_SEARCH_PATHS = "$(inherited) @executable_path/Frameworks @loader_path/Frameworks";
				PRODUCT_BUNDLE_IDENTIFIER = com.zrong.xiaodong.CATextLayerUITests;
				PRODUCT_NAME = "$(TARGET_NAME)";
				TEST_TARGET_NAME = CATextLayer;
				USES_XCTRUNNER = YES;
			};
			name = Release;
		};
/* End XCBuildConfiguration section */

/* Begin XCConfigurationList section */
		DD9C479D1BF2E70900314E60 /* Build configuration list for PBXProject "CATextLayer" */ = {
			isa = XCConfigurationList;
			buildConfigurations = (
				DD9C47CD1BF2E70A00314E60 /* Debug */,
				DD9C47CE1BF2E70A00314E60 /* Release */,
			);
			defaultConfigurationIsVisible = 0;
			defaultConfigurationName = Release;
		};
		DD9C47CF1BF2E70A00314E60 /* Build configuration list for PBXNativeTarget "CATextLayer" */ = {
			isa = XCConfigurationList;
			buildConfigurations = (
				DD9C47D01BF2E70A00314E60 /* Debug */,
				DD9C47D11BF2E70A00314E60 /* Release */,
			);
			defaultConfigurationIsVisible = 0;
		};
		DD9C47D21BF2E70A00314E60 /* Build configuration list for PBXNativeTarget "CATextLayerTests" */ = {
			isa = XCConfigurationList;
			buildConfigurations = (
				DD9C47D31BF2E70A00314E60 /* Debug */,
				DD9C47D41BF2E70A00314E60 /* Release */,
			);
			defaultConfigurationIsVisible = 0;
		};
		DD9C47D51BF2E70A00314E60 /* Build configuration list for PBXNativeTarget "CATextLayerUITests" */ = {
			isa = XCConfigurationList;
			buildConfigurations = (
				DD9C47D61BF2E70A00314E60 /* Debug */,
				DD9C47D71BF2E70A00314E60 /* Release */,
			);
			defaultConfigurationIsVisible = 0;
		};
/* End XCConfigurationList section */
	};
	rootObject = DD9C479A1BF2E70900314E60 /* Project object */;
}
