// !$*UTF8*$!
{
	archiveVersion = 1;
	classes = {
	};
	objectVersion = 46;
	objects = {

/* Begin PBXBuildFile section */
		DDDA65031C06B0920041D9A0 /* main.m in Sources */ = {isa = PBXBuildFile; fileRef = DDDA65021C06B0920041D9A0 /* main.m */; };
		DDDA65061C06B0920041D9A0 /* AppDelegate.m in Sources */ = {isa = PBXBuildFile; fileRef = DDDA65051C06B0920041D9A0 /* AppDelegate.m */; };
		DDDA65091C06B0920041D9A0 /* ViewController.m in Sources */ = {isa = PBXBuildFile; fileRef = DDDA65081C06B0920041D9A0 /* ViewController.m */; };
		DDDA650C1C06B0920041D9A0 /* Main.storyboard in Resources */ = {isa = PBXBuildFile; fileRef = DDDA650A1C06B0920041D9A0 /* Main.storyboard */; };
		DDDA650E1C06B0920041D9A0 /* Assets.xcassets in Resources */ = {isa = PBXBuildFile; fileRef = DDDA650D1C06B0920041D9A0 /* Assets.xcassets */; };
		DDDA65111C06B0920041D9A0 /* LaunchScreen.storyboard in Resources */ = {isa = PBXBuildFile; fileRef = DDDA650F1C06B0920041D9A0 /* LaunchScreen.storyboard */; };
		DDDA651C1C06B0920041D9A0 /* AVPlayerLayerTests.m in Sources */ = {isa = PBXBuildFile; fileRef = DDDA651B1C06B0920041D9A0 /* AVPlayerLayerTests.m */; };
		DDDA65271C06B0920041D9A0 /* AVPlayerLayerUITests.m in Sources */ = {isa = PBXBuildFile; fileRef = DDDA65261C06B0920041D9A0 /* AVPlayerLayerUITests.m */; };
		DDDA65361C06B4E60041D9A0 /* AVFoundation.framework in Frameworks */ = {isa = PBXBuildFile; fileRef = DDDA65351C06B4E60041D9A0 /* AVFoundation.framework */; };
		DDE41C841C06BA5E00E01893 /* Ship.mp4 in Resources */ = {isa = PBXBuildFile; fileRef = DDE41C831C06BA5E00E01893 /* Ship.mp4 */; };
/* End PBXBuildFile section */

/* Begin PBXContainerItemProxy section */
		DDDA65181C06B0920041D9A0 /* PBXContainerItemProxy */ = {
			isa = PBXContainerItemProxy;
			containerPortal = DDDA64F61C06B0920041D9A0 /* Project object */;
			proxyType = 1;
			remoteGlobalIDString = DDDA64FD1C06B0920041D9A0;
			remoteInfo = AVPlayerLayer;
		};
		DDDA65231C06B0920041D9A0 /* PBXContainerItemProxy */ = {
			isa = PBXContainerItemProxy;
			containerPortal = DDDA64F61C06B0920041D9A0 /* Project object */;
			proxyType = 1;
			remoteGlobalIDString = DDDA64FD1C06B0920041D9A0;
			remoteInfo = AVPlayerLayer;
		};
/* End PBXContainerItemProxy section */

/* Begin PBXFileReference section */
		DDDA64FE1C06B0920041D9A0 /* AVPlayerLayer.app */ = {isa = PBXFileReference; explicitFileType = wrapper.application; includeInIndex = 0; path = AVPlayerLayer.app; sourceTree = BUILT_PRODUCTS_DIR; };
		DDDA65021C06B0920041D9A0 /* main.m */ = {isa = PBXFileReference; lastKnownFileType = sourcecode.c.objc; path = main.m; sourceTree = "<group>"; };
		DDDA65041C06B0920041D9A0 /* AppDelegate.h */ = {isa = PBXFileReference; lastKnownFileType = sourcecode.c.h; path = AppDelegate.h; sourceTree = "<group>"; };
		DDDA65051C06B0920041D9A0 /* AppDelegate.m */ = {isa = PBXFileReference; lastKnownFileType = sourcecode.c.objc; path = AppDelegate.m; sourceTree = "<group>"; };
		DDDA65071C06B0920041D9A0 /* ViewController.h */ = {isa = PBXFileReference; lastKnownFileType = sourcecode.c.h; path = ViewController.h; sourceTree = "<group>"; };
		DDDA65081C06B0920041D9A0 /* ViewController.m */ = {isa = PBXFileReference; lastKnownFileType = sourcecode.c.objc; path = ViewController.m; sourceTree = "<group>"; };
		DDDA650B1C06B0920041D9A0 /* Base */ = {isa = PBXFileReference; lastKnownFileType = file.storyboard; name = Base; path = Base.lproj/Main.storyboard; sourceTree = "<group>"; };
		DDDA650D1C06B0920041D9A0 /* Assets.xcassets */ = {isa = PBXFileReference; lastKnownFileType = folder.assetcatalog; path = Assets.xcassets; sourceTree = "<group>"; };
		DDDA65101C06B0920041D9A0 /* Base */ = {isa = PBXFileReference; lastKnownFileType = file.storyboard; name = Base; path = Base.lproj/LaunchScreen.storyboard; sourceTree = "<group>"; };
		DDDA65121C06B0920041D9A0 /* Info.plist */ = {isa = PBXFileReference; lastKnownFileType = text.plist.xml; path = Info.plist; sourceTree = "<group>"; };
		DDDA65171C06B0920041D9A0 /* AVPlayerLayerTests.xctest */ = {isa = PBXFileReference; explicitFileType = wrapper.cfbundle; includeInIndex = 0; path = AVPlayerLayerTests.xctest; sourceTree = BUILT_PRODUCTS_DIR; };
		DDDA651B1C06B0920041D9A0 /* AVPlayerLayerTests.m */ = {isa = PBXFileReference; lastKnownFileType = sourcecode.c.objc; path = AVPlayerLayerTests.m; sourceTree = "<group>"; };
		DDDA651D1C06B0920041D9A0 /* Info.plist */ = {isa = PBXFileReference; lastKnownFileType = text.plist.xml; path = Info.plist; sourceTree = "<group>"; };
		DDDA65221C06B0920041D9A0 /* AVPlayerLayerUITests.xctest */ = {isa = PBXFileReference; explicitFileType = wrapper.cfbundle; includeInIndex = 0; path = AVPlayerLayerUITests.xctest; sourceTree = BUILT_PRODUCTS_DIR; };
		DDDA65261C06B0920041D9A0 /* AVPlayerLayerUITests.m */ = {isa = PBXFileReference; lastKnownFileType = sourcecode.c.objc; path = AVPlayerLayerUITests.m; sourceTree = "<group>"; };
		DDDA65281C06B0920041D9A0 /* Info.plist */ = {isa = PBXFileReference; lastKnownFileType = text.plist.xml; path = Info.plist; sourceTree = "<group>"; };
		DDDA65351C06B4E60041D9A0 /* AVFoundation.framework */ = {isa = PBXFileReference; lastKnownFileType = wrapper.framework; name = AVFoundation.framework; path = System/Library/Frameworks/AVFoundation.framework; sourceTree = SDKROOT; };
		DDE41C831C06BA5E00E01893 /* Ship.mp4 */ = {isa = PBXFileReference; lastKnownFileType = file; path = Ship.mp4; sourceTree = "<group>"; };
/* End PBXFileReference section */

/* Begin PBXFrameworksBuildPhase section */
		DDDA64FB1C06B0920041D9A0 /* Frameworks */ = {
			isa = PBXFrameworksBuildPhase;
			buildActionMask = 2147483647;
			files = (
				DDDA65361C06B4E60041D9A0 /* AVFoundation.framework in Frameworks */,
			);
			runOnlyForDeploymentPostprocessing = 0;
		};
		DDDA65141C06B0920041D9A0 /* Frameworks */ = {
			isa = PBXFrameworksBuildPhase;
			buildActionMask = 2147483647;
			files = (
			);
			runOnlyForDeploymentPostprocessing = 0;
		};
		DDDA651F1C06B0920041D9A0 /* Frameworks */ = {
			isa = PBXFrameworksBuildPhase;
			buildActionMask = 2147483647;
			files = (
			);
			runOnlyForDeploymentPostprocessing = 0;
		};
/* End PBXFrameworksBuildPhase section */

/* Begin PBXGroup section */
		DDDA64F51C06B0920041D9A0 = {
			isa = PBXGroup;
			children = (
				DDDA65351C06B4E60041D9A0 /* AVFoundation.framework */,
				DDDA65001C06B0920041D9A0 /* AVPlayerLayer */,
				DDDA651A1C06B0920041D9A0 /* AVPlayerLayerTests */,
				DDDA65251C06B0920041D9A0 /* AVPlayerLayerUITests */,
				DDDA64FF1C06B0920041D9A0 /* Products */,
			);
			sourceTree = "<group>";
		};
		DDDA64FF1C06B0920041D9A0 /* Products */ = {
			isa = PBXGroup;
			children = (
				DDDA64FE1C06B0920041D9A0 /* AVPlayerLayer.app */,
				DDDA65171C06B0920041D9A0 /* AVPlayerLayerTests.xctest */,
				DDDA65221C06B0920041D9A0 /* AVPlayerLayerUITests.xctest */,
			);
			name = Products;
			sourceTree = "<group>";
		};
		DDDA65001C06B0920041D9A0 /* AVPlayerLayer */ = {
			isa = PBXGroup;
			children = (
				DDE41C831C06BA5E00E01893 /* Ship.mp4 */,
				DDDA65041C06B0920041D9A0 /* AppDelegate.h */,
				DDDA65051C06B0920041D9A0 /* AppDelegate.m */,
				DDDA65071C06B0920041D9A0 /* ViewController.h */,
				DDDA65081C06B0920041D9A0 /* ViewController.m */,
				DDDA650A1C06B0920041D9A0 /* Main.storyboard */,
				DDDA650D1C06B0920041D9A0 /* Assets.xcassets */,
				DDDA650F1C06B0920041D9A0 /* LaunchScreen.storyboard */,
				DDDA65121C06B0920041D9A0 /* Info.plist */,
				DDDA65011C06B0920041D9A0 /* Supporting Files */,
			);
			path = AVPlayerLayer;
			sourceTree = "<group>";
		};
		DDDA65011C06B0920041D9A0 /* Supporting Files */ = {
			isa = PBXGroup;
			children = (
				DDDA65021C06B0920041D9A0 /* main.m */,
			);
			name = "Supporting Files";
			sourceTree = "<group>";
		};
		DDDA651A1C06B0920041D9A0 /* AVPlayerLayerTests */ = {
			isa = PBXGroup;
			children = (
				DDDA651B1C06B0920041D9A0 /* AVPlayerLayerTests.m */,
				DDDA651D1C06B0920041D9A0 /* Info.plist */,
			);
			path = AVPlayerLayerTests;
			sourceTree = "<group>";
		};
		DDDA65251C06B0920041D9A0 /* AVPlayerLayerUITests */ = {
			isa = PBXGroup;
			children = (
				DDDA65261C06B0920041D9A0 /* AVPlayerLayerUITests.m */,
				DDDA65281C06B0920041D9A0 /* Info.plist */,
			);
			path = AVPlayerLayerUITests;
			sourceTree = "<group>";
		};
/* End PBXGroup section */

/* Begin PBXNativeTarget section */
		DDDA64FD1C06B0920041D9A0 /* AVPlayerLayer */ = {
			isa = PBXNativeTarget;
			buildConfigurationList = DDDA652B1C06B0920041D9A0 /* Build configuration list for PBXNativeTarget "AVPlayerLayer" */;
			buildPhases = (
				DDDA64FA1C06B0920041D9A0 /* Sources */,
				DDDA64FB1C06B0920041D9A0 /* Frameworks */,
				DDDA64FC1C06B0920041D9A0 /* Resources */,
			);
			buildRules = (
			);
			dependencies = (
			);
			name = AVPlayerLayer;
			productName = AVPlayerLayer;
			productReference = DDDA64FE1C06B0920041D9A0 /* AVPlayerLayer.app */;
			productType = "com.apple.product-type.application";
		};
		DDDA65161C06B0920041D9A0 /* AVPlayerLayerTests */ = {
			isa = PBXNativeTarget;
			buildConfigurationList = DDDA652E1C06B0920041D9A0 /* Build configuration list for PBXNativeTarget "AVPlayerLayerTests" */;
			buildPhases = (
				DDDA65131C06B0920041D9A0 /* Sources */,
				DDDA65141C06B0920041D9A0 /* Frameworks */,
				DDDA65151C06B0920041D9A0 /* Resources */,
			);
			buildRules = (
			);
			dependencies = (
				DDDA65191C06B0920041D9A0 /* PBXTargetDependency */,
			);
			name = AVPlayerLayerTests;
			productName = AVPlayerLayerTests;
			productReference = DDDA65171C06B0920041D9A0 /* AVPlayerLayerTests.xctest */;
			productType = "com.apple.product-type.bundle.unit-test";
		};
		DDDA65211C06B0920041D9A0 /* AVPlayerLayerUITests */ = {
			isa = PBXNativeTarget;
			buildConfigurationList = DDDA65311C06B0920041D9A0 /* Build configuration list for PBXNativeTarget "AVPlayerLayerUITests" */;
			buildPhases = (
				DDDA651E1C06B0920041D9A0 /* Sources */,
				DDDA651F1C06B0920041D9A0 /* Frameworks */,
				DDDA65201C06B0920041D9A0 /* Resources */,
			);
			buildRules = (
			);
			dependencies = (
				DDDA65241C06B0920041D9A0 /* PBXTargetDependency */,
			);
			name = AVPlayerLayerUITests;
			productName = AVPlayerLayerUITests;
			productReference = DDDA65221C06B0920041D9A0 /* AVPlayerLayerUITests.xctest */;
			productType = "com.apple.product-type.bundle.ui-testing";
		};
/* End PBXNativeTarget section */

/* Begin PBXProject section */
		DDDA64F61C06B0920041D9A0 /* Project object */ = {
			isa = PBXProject;
			attributes = {
				LastUpgradeCheck = 0710;
				ORGANIZATIONNAME = chenxi;
				TargetAttributes = {
					DDDA64FD1C06B0920041D9A0 = {
						CreatedOnToolsVersion = 7.1.1;
					};
					DDDA65161C06B0920041D9A0 = {
						CreatedOnToolsVersion = 7.1.1;
						TestTargetID = DDDA64FD1C06B0920041D9A0;
					};
					DDDA65211C06B0920041D9A0 = {
						CreatedOnToolsVersion = 7.1.1;
						TestTargetID = DDDA64FD1C06B0920041D9A0;
					};
				};
			};
			buildConfigurationList = DDDA64F91C06B0920041D9A0 /* Build configuration list for PBXProject "AVPlayerLayer" */;
			compatibilityVersion = "Xcode 3.2";
			developmentRegion = English;
			hasScannedForEncodings = 0;
			knownRegions = (
				en,
				Base,
			);
			mainGroup = DDDA64F51C06B0920041D9A0;
			productRefGroup = DDDA64FF1C06B0920041D9A0 /* Products */;
			projectDirPath = "";
			projectRoot = "";
			targets = (
				DDDA64FD1C06B0920041D9A0 /* AVPlayerLayer */,
				DDDA65161C06B0920041D9A0 /* AVPlayerLayerTests */,
				DDDA65211C06B0920041D9A0 /* AVPlayerLayerUITests */,
			);
		};
/* End PBXProject section */

/* Begin PBXResourcesBuildPhase section */
		DDDA64FC1C06B0920041D9A0 /* Resources */ = {
			isa = PBXResourcesBuildPhase;
			buildActionMask = 2147483647;
			files = (
				DDDA65111C06B0920041D9A0 /* LaunchScreen.storyboard in Resources */,
				DDDA650E1C06B0920041D9A0 /* Assets.xcassets in Resources */,
				DDDA650C1C06B0920041D9A0 /* Main.storyboard in Resources */,
				DDE41C841C06BA5E00E01893 /* Ship.mp4 in Resources */,
			);
			runOnlyForDeploymentPostprocessing = 0;
		};
		DDDA65151C06B0920041D9A0 /* Resources */ = {
			isa = PBXResourcesBuildPhase;
			buildActionMask = 2147483647;
			files = (
			);
			runOnlyForDeploymentPostprocessing = 0;
		};
		DDDA65201C06B0920041D9A0 /* Resources */ = {
			isa = PBXResourcesBuildPhase;
			buildActionMask = 2147483647;
			files = (
			);
			runOnlyForDeploymentPostprocessing = 0;
		};
/* End PBXResourcesBuildPhase section */

/* Begin PBXSourcesBuildPhase section */
		DDDA64FA1C06B0920041D9A0 /* Sources */ = {
			isa = PBXSourcesBuildPhase;
			buildActionMask = 2147483647;
			files = (
				DDDA65091C06B0920041D9A0 /* ViewController.m in Sources */,
				DDDA65061C06B0920041D9A0 /* AppDelegate.m in Sources */,
				DDDA65031C06B0920041D9A0 /* main.m in Sources */,
			);
			runOnlyForDeploymentPostprocessing = 0;
		};
		DDDA65131C06B0920041D9A0 /* Sources */ = {
			isa = PBXSourcesBuildPhase;
			buildActionMask = 2147483647;
			files = (
				DDDA651C1C06B0920041D9A0 /* AVPlayerLayerTests.m in Sources */,
			);
			runOnlyForDeploymentPostprocessing = 0;
		};
		DDDA651E1C06B0920041D9A0 /* Sources */ = {
			isa = PBXSourcesBuildPhase;
			buildActionMask = 2147483647;
			files = (
				DDDA65271C06B0920041D9A0 /* AVPlayerLayerUITests.m in Sources */,
			);
			runOnlyForDeploymentPostprocessing = 0;
		};
/* End PBXSourcesBuildPhase section */

/* Begin PBXTargetDependency section */
		DDDA65191C06B0920041D9A0 /* PBXTargetDependency */ = {
			isa = PBXTargetDependency;
			target = DDDA64FD1C06B0920041D9A0 /* AVPlayerLayer */;
			targetProxy = DDDA65181C06B0920041D9A0 /* PBXContainerItemProxy */;
		};
		DDDA65241C06B0920041D9A0 /* PBXTargetDependency */ = {
			isa = PBXTargetDependency;
			target = DDDA64FD1C06B0920041D9A0 /* AVPlayerLayer */;
			targetProxy = DDDA65231C06B0920041D9A0 /* PBXContainerItemProxy */;
		};
/* End PBXTargetDependency section */

/* Begin PBXVariantGroup section */
		DDDA650A1C06B0920041D9A0 /* Main.storyboard */ = {
			isa = PBXVariantGroup;
			children = (
				DDDA650B1C06B0920041D9A0 /* Base */,
			);
			name = Main.storyboard;
			sourceTree = "<group>";
		};
		DDDA650F1C06B0920041D9A0 /* LaunchScreen.storyboard */ = {
			isa = PBXVariantGroup;
			children = (
				DDDA65101C06B0920041D9A0 /* Base */,
			);
			name = LaunchScreen.storyboard;
			sourceTree = "<group>";
		};
/* End PBXVariantGroup section */

/* Begin XCBuildConfiguration section */
		DDDA65291C06B0920041D9A0 /* Debug */ = {
			isa = XCBuildConfiguration;
			buildSettings = {
				ALWAYS_SEARCH_USER_PATHS = NO;
				CLANG_CXX_LANGUAGE_STANDARD = "gnu++0x";
				CLANG_CXX_LIBRARY = "libc++";
				CLANG_ENABLE_MODULES = YES;
				CLANG_ENABLE_OBJC_ARC = YES;
				CLANG_WARN_BOOL_CONVERSION = YES;
				CLANG_WARN_CONSTANT_CONVERSION = YES;
				CLANG_WARN_DIRECT_OBJC_ISA_USAGE = YES_ERROR;
				CLANG_WARN_EMPTY_BODY = YES;
				CLANG_WARN_ENUM_CONVERSION = YES;
				CLANG_WARN_INT_CONVERSION = YES;
				CLANG_WARN_OBJC_ROOT_CLASS = YES_ERROR;
				CLANG_WARN_UNREACHABLE_CODE = YES;
				CLANG_WARN__DUPLICATE_METHOD_MATCH = YES;
				"CODE_SIGN_IDENTITY[sdk=iphoneos*]" = "iPhone Developer";
				COPY_PHASE_STRIP = NO;
				DEBUG_INFORMATION_FORMAT = dwarf;
				ENABLE_STRICT_OBJC_MSGSEND = YES;
				ENABLE_TESTABILITY = YES;
				GCC_C_LANGUAGE_STANDARD = gnu99;
				GCC_DYNAMIC_NO_PIC = NO;
				GCC_NO_COMMON_BLOCKS = YES;
				GCC_OPTIMIZATION_LEVEL = 0;
				GCC_PREPROCESSOR_DEFINITIONS = (
					"DEBUG=1",
					"$(inherited)",
				);
				GCC_WARN_64_TO_32_BIT_CONVERSION = YES;
				GCC_WARN_ABOUT_RETURN_TYPE = YES_ERROR;
				GCC_WARN_UNDECLARED_SELECTOR = YES;
				GCC_WARN_UNINITIALIZED_AUTOS = YES_AGGRESSIVE;
				GCC_WARN_UNUSED_FUNCTION = YES;
				GCC_WARN_UNUSED_VARIABLE = YES;
				IPHONEOS_DEPLOYMENT_TARGET = 9.1;
				MTL_ENABLE_DEBUG_INFO = YES;
				ONLY_ACTIVE_ARCH = YES;
				SDKROOT = iphoneos;
			};
			name = Debug;
		};
		DDDA652A1C06B0920041D9A0 /* Release */ = {
			isa = XCBuildConfiguration;
			buildSettings = {
				ALWAYS_SEARCH_USER_PATHS = NO;
				CLANG_CXX_LANGUAGE_STANDARD = "gnu++0x";
				CLANG_CXX_LIBRARY = "libc++";
				CLANG_ENABLE_MODULES = YES;
				CLANG_ENABLE_OBJC_ARC = YES;
				CLANG_WARN_BOOL_CONVERSION = YES;
				CLANG_WARN_CONSTANT_CONVERSION = YES;
				CLANG_WARN_DIRECT_OBJC_ISA_USAGE = YES_ERROR;
				CLANG_WARN_EMPTY_BODY = YES;
				CLANG_WARN_ENUM_CONVERSION = YES;
				CLANG_WARN_INT_CONVERSION = YES;
				CLANG_WARN_OBJC_ROOT_CLASS = YES_ERROR;
				CLANG_WARN_UNREACHABLE_CODE = YES;
				CLANG_WARN__DUPLICATE_METHOD_MATCH = YES;
				"CODE_SIGN_IDENTITY[sdk=iphoneos*]" = "iPhone Developer";
				COPY_PHASE_STRIP = NO;
				DEBUG_INFORMATION_FORMAT = "dwarf-with-dsym";
				ENABLE_NS_ASSERTIONS = NO;
				ENABLE_STRICT_OBJC_MSGSEND = YES;
				GCC_C_LANGUAGE_STANDARD = gnu99;
				GCC_NO_COMMON_BLOCKS = YES;
				GCC_WARN_64_TO_32_BIT_CONVERSION = YES;
				GCC_WARN_ABOUT_RETURN_TYPE = YES_ERROR;
				GCC_WARN_UNDECLARED_SELECTOR = YES;
				GCC_WARN_UNINITIALIZED_AUTOS = YES_AGGRESSIVE;
				GCC_WARN_UNUSED_FUNCTION = YES;
				GCC_WARN_UNUSED_VARIABLE = YES;
				IPHONEOS_DEPLOYMENT_TARGET = 9.1;
				MTL_ENABLE_DEBUG_INFO = NO;
				SDKROOT = iphoneos;
				VALIDATE_PRODUCT = YES;
			};
			name = Release;
		};
		DDDA652C1C06B0920041D9A0 /* Debug */ = {
			isa = XCBuildConfiguration;
			buildSettings = {
				ASSETCATALOG_COMPILER_APPICON_NAME = AppIcon;
				INFOPLIST_FILE = AVPlayerLayer/Info.plist;
				LD_RUNPATH_SEARCH_PATHS = "$(inherited) @executable_path/Frameworks";
				PRODUCT_BUNDLE_IDENTIFIER = com.zrong.xiaodong.AVPlayerLayer;
				PRODUCT_NAME = "$(TARGET_NAME)";
			};
			name = Debug;
		};
		DDDA652D1C06B0920041D9A0 /* Release */ = {
			isa = XCBuildConfiguration;
			buildSettings = {
				ASSETCATALOG_COMPILER_APPICON_NAME = AppIcon;
				INFOPLIST_FILE = AVPlayerLayer/Info.plist;
				LD_RUNPATH_SEARCH_PATHS = "$(inherited) @executable_path/Frameworks";
				PRODUCT_BUNDLE_IDENTIFIER = com.zrong.xiaodong.AVPlayerLayer;
				PRODUCT_NAME = "$(TARGET_NAME)";
			};
			name = Release;
		};
		DDDA652F1C06B0920041D9A0 /* Debug */ = {
			isa = XCBuildConfiguration;
			buildSettings = {
				BUNDLE_LOADER = "$(TEST_HOST)";
				INFOPLIST_FILE = AVPlayerLayerTests/Info.plist;
				LD_RUNPATH_SEARCH_PATHS = "$(inherited) @executable_path/Frameworks @loader_path/Frameworks";
				PRODUCT_BUNDLE_IDENTIFIER = com.zrong.xiaodong.AVPlayerLayerTests;
				PRODUCT_NAME = "$(TARGET_NAME)";
				TEST_HOST = "$(BUILT_PRODUCTS_DIR)/AVPlayerLayer.app/AVPlayerLayer";
			};
			name = Debug;
		};
		DDDA65301C06B0920041D9A0 /* Release */ = {
			isa = XCBuildConfiguration;
			buildSettings = {
				BUNDLE_LOADER = "$(TEST_HOST)";
				INFOPLIST_FILE = AVPlayerLayerTests/Info.plist;
				LD_RUNPATH_SEARCH_PATHS = "$(inherited) @executable_path/Frameworks @loader_path/Frameworks";
				PRODUCT_BUNDLE_IDENTIFIER = com.zrong.xiaodong.AVPlayerLayerTests;
				PRODUCT_NAME = "$(TARGET_NAME)";
				TEST_HOST = "$(BUILT_PRODUCTS_DIR)/AVPlayerLayer.app/AVPlayerLayer";
			};
			name = Release;
		};
		DDDA65321C06B0920041D9A0 /* Debug */ = {
			isa = XCBuildConfiguration;
			buildSettings = {
				INFOPLIST_FILE = AVPlayerLayerUITests/Info.plist;
				LD_RUNPATH_SEARCH_PATHS = "$(inherited) @executable_path/Frameworks @loader_path/Frameworks";
				PRODUCT_BUNDLE_IDENTIFIER = com.zrong.xiaodong.AVPlayerLayerUITests;
				PRODUCT_NAME = "$(TARGET_NAME)";
				TEST_TARGET_NAME = AVPlayerLayer;
				USES_XCTRUNNER = YES;
			};
			name = Debug;
		};
		DDDA65331C06B0920041D9A0 /* Release */ = {
			isa = XCBuildConfiguration;
			buildSettings = {
				INFOPLIST_FILE = AVPlayerLayerUITests/Info.plist;
				LD_RUNPATH_SEARCH_PATHS = "$(inherited) @executable_path/Frameworks @loader_path/Frameworks";
				PRODUCT_BUNDLE_IDENTIFIER = com.zrong.xiaodong.AVPlayerLayerUITests;
				PRODUCT_NAME = "$(TARGET_NAME)";
				TEST_TARGET_NAME = AVPlayerLayer;
				USES_XCTRUNNER = YES;
			};
			name = Release;
		};
/* End XCBuildConfiguration section */

/* Begin XCConfigurationList section */
		DDDA64F91C06B0920041D9A0 /* Build configuration list for PBXProject "AVPlayerLayer" */ = {
			isa = XCConfigurationList;
			buildConfigurations = (
				DDDA65291C06B0920041D9A0 /* Debug */,
				DDDA652A1C06B0920041D9A0 /* Release */,
			);
			defaultConfigurationIsVisible = 0;
			defaultConfigurationName = Release;
		};
		DDDA652B1C06B0920041D9A0 /* Build configuration list for PBXNativeTarget "AVPlayerLayer" */ = {
			isa = XCConfigurationList;
			buildConfigurations = (
				DDDA652C1C06B0920041D9A0 /* Debug */,
				DDDA652D1C06B0920041D9A0 /* Release */,
			);
			defaultConfigurationIsVisible = 0;
			defaultConfigurationName = Release;
		};
		DDDA652E1C06B0920041D9A0 /* Build configuration list for PBXNativeTarget "AVPlayerLayerTests" */ = {
			isa = XCConfigurationList;
			buildConfigurations = (
				DDDA652F1C06B0920041D9A0 /* Debug */,
				DDDA65301C06B0920041D9A0 /* Release */,
			);
			defaultConfigurationIsVisible = 0;
			defaultConfigurationName = Release;
		};
		DDDA65311C06B0920041D9A0 /* Build configuration list for PBXNativeTarget "AVPlayerLayerUITests" */ = {
			isa = XCConfigurationList;
			buildConfigurations = (
				DDDA65321C06B0920041D9A0 /* Debug */,
				DDDA65331C06B0920041D9A0 /* Release */,
			);
			defaultConfigurationIsVisible = 0;
			defaultConfigurationName = Release;
		};
/* End XCConfigurationList section */
	};
	rootObject = DDDA64F61C06B0920041D9A0 /* Project object */;
}
